// !$*UTF8*$!
{
	archiveVersion = 1;
	classes = {
	};
	objectVersion = 56;
	objects = {

/* Begin PBXBuildFile section */
		444480FC2B07072000A31744 /* LoginView.swift in Sources */ = {isa = PBXBuildFile; fileRef = 444480FB2B07072000A31744 /* LoginView.swift */; };
		444E4FA22AF0B33F00A21B31 /* DoggyDatingApp.swift in Sources */ = {isa = PBXBuildFile; fileRef = 444E4FA12AF0B33F00A21B31 /* DoggyDatingApp.swift */; };
		444E4FA42AF0B33F00A21B31 /* ContentView.swift in Sources */ = {isa = PBXBuildFile; fileRef = 444E4FA32AF0B33F00A21B31 /* ContentView.swift */; };
		444E4FA62AF0B34100A21B31 /* Assets.xcassets in Resources */ = {isa = PBXBuildFile; fileRef = 444E4FA52AF0B34100A21B31 /* Assets.xcassets */; };
		444E4FA92AF0B34100A21B31 /* Preview Assets.xcassets in Resources */ = {isa = PBXBuildFile; fileRef = 444E4FA82AF0B34100A21B31 /* Preview Assets.xcassets */; };
		444E4FB32AF0B34100A21B31 /* DoggyDatingTests.swift in Sources */ = {isa = PBXBuildFile; fileRef = 444E4FB22AF0B34100A21B31 /* DoggyDatingTests.swift */; };
		444E4FBD2AF0B34100A21B31 /* DoggyDatingUITests.swift in Sources */ = {isa = PBXBuildFile; fileRef = 444E4FBC2AF0B34100A21B31 /* DoggyDatingUITests.swift */; };
		444E4FBF2AF0B34100A21B31 /* DoggyDatingUITestsLaunchTests.swift in Sources */ = {isa = PBXBuildFile; fileRef = 444E4FBE2AF0B34100A21B31 /* DoggyDatingUITestsLaunchTests.swift */; };
		449DC13D2AF1F8510091D6B3 /* SecondView.swift in Sources */ = {isa = PBXBuildFile; fileRef = 449DC13C2AF1F8510091D6B3 /* SecondView.swift */; };
		44EA4B302AF9DB2C0043B146 /* ThirdView.swift in Sources */ = {isa = PBXBuildFile; fileRef = 44EA4B2F2AF9DB2C0043B146 /* ThirdView.swift */; };
/* End PBXBuildFile section */

/* Begin PBXContainerItemProxy section */
		444E4FAF2AF0B34100A21B31 /* PBXContainerItemProxy */ = {
			isa = PBXContainerItemProxy;
			containerPortal = 444E4F962AF0B33F00A21B31 /* Project object */;
			proxyType = 1;
			remoteGlobalIDString = 444E4F9D2AF0B33F00A21B31;
			remoteInfo = DoggyDating;
		};
		444E4FB92AF0B34100A21B31 /* PBXContainerItemProxy */ = {
			isa = PBXContainerItemProxy;
			containerPortal = 444E4F962AF0B33F00A21B31 /* Project object */;
			proxyType = 1;
			remoteGlobalIDString = 444E4F9D2AF0B33F00A21B31;
			remoteInfo = DoggyDating;
		};
/* End PBXContainerItemProxy section */

/* Begin PBXFileReference section */
		444480FB2B07072000A31744 /* LoginView.swift */ = {isa = PBXFileReference; lastKnownFileType = sourcecode.swift; path = LoginView.swift; sourceTree = "<group>"; };
		444E4F9E2AF0B33F00A21B31 /* DoggyDating.app */ = {isa = PBXFileReference; explicitFileType = wrapper.application; includeInIndex = 0; path = DoggyDating.app; sourceTree = BUILT_PRODUCTS_DIR; };
		444E4FA12AF0B33F00A21B31 /* DoggyDatingApp.swift */ = {isa = PBXFileReference; lastKnownFileType = sourcecode.swift; path = DoggyDatingApp.swift; sourceTree = "<group>"; };
		444E4FA32AF0B33F00A21B31 /* ContentView.swift */ = {isa = PBXFileReference; lastKnownFileType = sourcecode.swift; path = ContentView.swift; sourceTree = "<group>"; };
		444E4FA52AF0B34100A21B31 /* Assets.xcassets */ = {isa = PBXFileReference; lastKnownFileType = folder.assetcatalog; path = Assets.xcassets; sourceTree = "<group>"; };
		444E4FA82AF0B34100A21B31 /* Preview Assets.xcassets */ = {isa = PBXFileReference; lastKnownFileType = folder.assetcatalog; path = "Preview Assets.xcassets"; sourceTree = "<group>"; };
		444E4FAE2AF0B34100A21B31 /* DoggyDatingTests.xctest */ = {isa = PBXFileReference; explicitFileType = wrapper.cfbundle; includeInIndex = 0; path = DoggyDatingTests.xctest; sourceTree = BUILT_PRODUCTS_DIR; };
		444E4FB22AF0B34100A21B31 /* DoggyDatingTests.swift */ = {isa = PBXFileReference; lastKnownFileType = sourcecode.swift; path = DoggyDatingTests.swift; sourceTree = "<group>"; };
		444E4FB82AF0B34100A21B31 /* DoggyDatingUITests.xctest */ = {isa = PBXFileReference; explicitFileType = wrapper.cfbundle; includeInIndex = 0; path = DoggyDatingUITests.xctest; sourceTree = BUILT_PRODUCTS_DIR; };
		444E4FBC2AF0B34100A21B31 /* DoggyDatingUITests.swift */ = {isa = PBXFileReference; lastKnownFileType = sourcecode.swift; path = DoggyDatingUITests.swift; sourceTree = "<group>"; };
		444E4FBE2AF0B34100A21B31 /* DoggyDatingUITestsLaunchTests.swift */ = {isa = PBXFileReference; lastKnownFileType = sourcecode.swift; path = DoggyDatingUITestsLaunchTests.swift; sourceTree = "<group>"; };
		449DC13C2AF1F8510091D6B3 /* SecondView.swift */ = {isa = PBXFileReference; lastKnownFileType = sourcecode.swift; path = SecondView.swift; sourceTree = "<group>"; };
		44EA4B2F2AF9DB2C0043B146 /* ThirdView.swift */ = {isa = PBXFileReference; lastKnownFileType = sourcecode.swift; path = ThirdView.swift; sourceTree = "<group>"; };
/* End PBXFileReference section */

/* Begin PBXFrameworksBuildPhase section */
		444E4F9B2AF0B33F00A21B31 /* Frameworks */ = {
			isa = PBXFrameworksBuildPhase;
			buildActionMask = 2147483647;
			files = (
			);
			runOnlyForDeploymentPostprocessing = 0;
		};
		444E4FAB2AF0B34100A21B31 /* Frameworks */ = {
			isa = PBXFrameworksBuildPhase;
			buildActionMask = 2147483647;
			files = (
			);
			runOnlyForDeploymentPostprocessing = 0;
		};
		444E4FB52AF0B34100A21B31 /* Frameworks */ = {
			isa = PBXFrameworksBuildPhase;
			buildActionMask = 2147483647;
			files = (
			);
			runOnlyForDeploymentPostprocessing = 0;
		};
/* End PBXFrameworksBuildPhase section */

/* Begin PBXGroup section */
		444E4F952AF0B33F00A21B31 = {
			isa = PBXGroup;
			children = (
				44EA4B2F2AF9DB2C0043B146 /* ThirdView.swift */,
				449DC13C2AF1F8510091D6B3 /* SecondView.swift */,
				444E4FA02AF0B33F00A21B31 /* DoggyDating */,
				444E4FB12AF0B34100A21B31 /* DoggyDatingTests */,
				444E4FBB2AF0B34100A21B31 /* DoggyDatingUITests */,
				444E4F9F2AF0B33F00A21B31 /* Products */,
			);
			sourceTree = "<group>";
		};
		444E4F9F2AF0B33F00A21B31 /* Products */ = {
			isa = PBXGroup;
			children = (
				444E4F9E2AF0B33F00A21B31 /* DoggyDating.app */,
				444E4FAE2AF0B34100A21B31 /* DoggyDatingTests.xctest */,
				444E4FB82AF0B34100A21B31 /* DoggyDatingUITests.xctest */,
			);
			name = Products;
			sourceTree = "<group>";
		};
		444E4FA02AF0B33F00A21B31 /* DoggyDating */ = {
			isa = PBXGroup;
			children = (
				444E4FA12AF0B33F00A21B31 /* DoggyDatingApp.swift */,
				444E4FA32AF0B33F00A21B31 /* ContentView.swift */,
				444480FB2B07072000A31744 /* LoginView.swift */,
				444E4FA52AF0B34100A21B31 /* Assets.xcassets */,
				444E4FA72AF0B34100A21B31 /* Preview Content */,
			);
			path = DoggyDating;
			sourceTree = "<group>";
		};
		444E4FA72AF0B34100A21B31 /* Preview Content */ = {
			isa = PBXGroup;
			children = (
				444E4FA82AF0B34100A21B31 /* Preview Assets.xcassets */,
			);
			path = "Preview Content";
			sourceTree = "<group>";
		};
		444E4FB12AF0B34100A21B31 /* DoggyDatingTests */ = {
			isa = PBXGroup;
			children = (
				444E4FB22AF0B34100A21B31 /* DoggyDatingTests.swift */,
			);
			path = DoggyDatingTests;
			sourceTree = "<group>";
		};
		444E4FBB2AF0B34100A21B31 /* DoggyDatingUITests */ = {
			isa = PBXGroup;
			children = (
				444E4FBC2AF0B34100A21B31 /* DoggyDatingUITests.swift */,
				444E4FBE2AF0B34100A21B31 /* DoggyDatingUITestsLaunchTests.swift */,
			);
			path = DoggyDatingUITests;
			sourceTree = "<group>";
		};
/* End PBXGroup section */

/* Begin PBXNativeTarget section */
		444E4F9D2AF0B33F00A21B31 /* DoggyDating */ = {
			isa = PBXNativeTarget;
			buildConfigurationList = 444E4FC22AF0B34100A21B31 /* Build configuration list for PBXNativeTarget "DoggyDating" */;
			buildPhases = (
				444E4F9A2AF0B33F00A21B31 /* Sources */,
				444E4F9B2AF0B33F00A21B31 /* Frameworks */,
				444E4F9C2AF0B33F00A21B31 /* Resources */,
			);
			buildRules = (
			);
			dependencies = (
			);
			name = DoggyDating;
			productName = DoggyDating;
			productReference = 444E4F9E2AF0B33F00A21B31 /* DoggyDating.app */;
			productType = "com.apple.product-type.application";
		};
		444E4FAD2AF0B34100A21B31 /* DoggyDatingTests */ = {
			isa = PBXNativeTarget;
			buildConfigurationList = 444E4FC52AF0B34100A21B31 /* Build configuration list for PBXNativeTarget "DoggyDatingTests" */;
			buildPhases = (
				444E4FAA2AF0B34100A21B31 /* Sources */,
				444E4FAB2AF0B34100A21B31 /* Frameworks */,
				444E4FAC2AF0B34100A21B31 /* Resources */,
			);
			buildRules = (
			);
			dependencies = (
				444E4FB02AF0B34100A21B31 /* PBXTargetDependency */,
			);
			name = DoggyDatingTests;
			productName = DoggyDatingTests;
			productReference = 444E4FAE2AF0B34100A21B31 /* DoggyDatingTests.xctest */;
			productType = "com.apple.product-type.bundle.unit-test";
		};
		444E4FB72AF0B34100A21B31 /* DoggyDatingUITests */ = {
			isa = PBXNativeTarget;
			buildConfigurationList = 444E4FC82AF0B34100A21B31 /* Build configuration list for PBXNativeTarget "DoggyDatingUITests" */;
			buildPhases = (
				444E4FB42AF0B34100A21B31 /* Sources */,
				444E4FB52AF0B34100A21B31 /* Frameworks */,
				444E4FB62AF0B34100A21B31 /* Resources */,
			);
			buildRules = (
			);
			dependencies = (
				444E4FBA2AF0B34100A21B31 /* PBXTargetDependency */,
			);
			name = DoggyDatingUITests;
			productName = DoggyDatingUITests;
			productReference = 444E4FB82AF0B34100A21B31 /* DoggyDatingUITests.xctest */;
			productType = "com.apple.product-type.bundle.ui-testing";
		};
/* End PBXNativeTarget section */

/* Begin PBXProject section */
		444E4F962AF0B33F00A21B31 /* Project object */ = {
			isa = PBXProject;
			attributes = {
				BuildIndependentTargetsInParallel = 1;
				LastSwiftUpdateCheck = 1430;
				LastUpgradeCheck = 1430;
				TargetAttributes = {
					444E4F9D2AF0B33F00A21B31 = {
						CreatedOnToolsVersion = 14.3.1;
					};
					444E4FAD2AF0B34100A21B31 = {
						CreatedOnToolsVersion = 14.3.1;
						TestTargetID = 444E4F9D2AF0B33F00A21B31;
					};
					444E4FB72AF0B34100A21B31 = {
						CreatedOnToolsVersion = 14.3.1;
						TestTargetID = 444E4F9D2AF0B33F00A21B31;
					};
				};
			};
			buildConfigurationList = 444E4F992AF0B33F00A21B31 /* Build configuration list for PBXProject "DoggyDating" */;
			compatibilityVersion = "Xcode 14.0";
			developmentRegion = en;
			hasScannedForEncodings = 0;
			knownRegions = (
				en,
				Base,
			);
			mainGroup = 444E4F952AF0B33F00A21B31;
			productRefGroup = 444E4F9F2AF0B33F00A21B31 /* Products */;
			projectDirPath = "";
			projectRoot = "";
			targets = (
				444E4F9D2AF0B33F00A21B31 /* DoggyDating */,
				444E4FAD2AF0B34100A21B31 /* DoggyDatingTests */,
				444E4FB72AF0B34100A21B31 /* DoggyDatingUITests */,
			);
		};
/* End PBXProject section */

/* Begin PBXResourcesBuildPhase section */
		444E4F9C2AF0B33F00A21B31 /* Resources */ = {
			isa = PBXResourcesBuildPhase;
			buildActionMask = 2147483647;
			files = (
				444E4FA92AF0B34100A21B31 /* Preview Assets.xcassets in Resources */,
				444E4FA62AF0B34100A21B31 /* Assets.xcassets in Resources */,
			);
			runOnlyForDeploymentPostprocessing = 0;
		};
		444E4FAC2AF0B34100A21B31 /* Resources */ = {
			isa = PBXResourcesBuildPhase;
			buildActionMask = 2147483647;
			files = (
			);
			runOnlyForDeploymentPostprocessing = 0;
		};
		444E4FB62AF0B34100A21B31 /* Resources */ = {
			isa = PBXResourcesBuildPhase;
			buildActionMask = 2147483647;
			files = (
			);
			runOnlyForDeploymentPostprocessing = 0;
		};
/* End PBXResourcesBuildPhase section */

/* Begin PBXSourcesBuildPhase section */
		444E4F9A2AF0B33F00A21B31 /* Sources */ = {
			isa = PBXSourcesBuildPhase;
			buildActionMask = 2147483647;
			files = (
				44EA4B302AF9DB2C0043B146 /* ThirdView.swift in Sources */,
				449DC13D2AF1F8510091D6B3 /* SecondView.swift in Sources */,
				444E4FA42AF0B33F00A21B31 /* ContentView.swift in Sources */,
				444480FC2B07072000A31744 /* LoginView.swift in Sources */,
				444E4FA22AF0B33F00A21B31 /* DoggyDatingApp.swift in Sources */,
			);
			runOnlyForDeploymentPostprocessing = 0;
		};
		444E4FAA2AF0B34100A21B31 /* Sources */ = {
			isa = PBXSourcesBuildPhase;
			buildActionMask = 2147483647;
			files = (
				444E4FB32AF0B34100A21B31 /* DoggyDatingTests.swift in Sources */,
			);
			runOnlyForDeploymentPostprocessing = 0;
		};
		444E4FB42AF0B34100A21B31 /* Sources */ = {
			isa = PBXSourcesBuildPhase;
			buildActionMask = 2147483647;
			files = (
				444E4FBF2AF0B34100A21B31 /* DoggyDatingUITestsLaunchTests.swift in Sources */,
				444E4FBD2AF0B34100A21B31 /* DoggyDatingUITests.swift in Sources */,
			);
			runOnlyForDeploymentPostprocessing = 0;
		};
/* End PBXSourcesBuildPhase section */

/* Begin PBXTargetDependency section */
		444E4FB02AF0B34100A21B31 /* PBXTargetDependency */ = {
			isa = PBXTargetDependency;
			target = 444E4F9D2AF0B33F00A21B31 /* DoggyDating */;
			targetProxy = 444E4FAF2AF0B34100A21B31 /* PBXContainerItemProxy */;
		};
		444E4FBA2AF0B34100A21B31 /* PBXTargetDependency */ = {
			isa = PBXTargetDependency;
			target = 444E4F9D2AF0B33F00A21B31 /* DoggyDating */;
			targetProxy = 444E4FB92AF0B34100A21B31 /* PBXContainerItemProxy */;
		};
/* End PBXTargetDependency section */

/* Begin XCBuildConfiguration section */
		444E4FC02AF0B34100A21B31 /* Debug */ = {
			isa = XCBuildConfiguration;
			buildSettings = {
				ALWAYS_SEARCH_USER_PATHS = NO;
				CLANG_ANALYZER_NONNULL = YES;
				CLANG_ANALYZER_NUMBER_OBJECT_CONVERSION = YES_AGGRESSIVE;
				CLANG_CXX_LANGUAGE_STANDARD = "gnu++20";
				CLANG_ENABLE_MODULES = YES;
				CLANG_ENABLE_OBJC_ARC = YES;
				CLANG_ENABLE_OBJC_WEAK = YES;
				CLANG_WARN_BLOCK_CAPTURE_AUTORELEASING = YES;
				CLANG_WARN_BOOL_CONVERSION = YES;
				CLANG_WARN_COMMA = YES;
				CLANG_WARN_CONSTANT_CONVERSION = YES;
				CLANG_WARN_DEPRECATED_OBJC_IMPLEMENTATIONS = YES;
				CLANG_WARN_DIRECT_OBJC_ISA_USAGE = YES_ERROR;
				CLANG_WARN_DOCUMENTATION_COMMENTS = YES;
				CLANG_WARN_EMPTY_BODY = YES;
				CLANG_WARN_ENUM_CONVERSION = YES;
				CLANG_WARN_INFINITE_RECURSION = YES;
				CLANG_WARN_INT_CONVERSION = YES;
				CLANG_WARN_NON_LITERAL_NULL_CONVERSION = YES;
				CLANG_WARN_OBJC_IMPLICIT_RETAIN_SELF = YES;
				CLANG_WARN_OBJC_LITERAL_CONVERSION = YES;
				CLANG_WARN_OBJC_ROOT_CLASS = YES_ERROR;
				CLANG_WARN_QUOTED_INCLUDE_IN_FRAMEWORK_HEADER = YES;
				CLANG_WARN_RANGE_LOOP_ANALYSIS = YES;
				CLANG_WARN_STRICT_PROTOTYPES = YES;
				CLANG_WARN_SUSPICIOUS_MOVE = YES;
				CLANG_WARN_UNGUARDED_AVAILABILITY = YES_AGGRESSIVE;
				CLANG_WARN_UNREACHABLE_CODE = YES;
				CLANG_WARN__DUPLICATE_METHOD_MATCH = YES;
				COPY_PHASE_STRIP = NO;
				DEBUG_INFORMATION_FORMAT = dwarf;
				ENABLE_STRICT_OBJC_MSGSEND = YES;
				ENABLE_TESTABILITY = YES;
				GCC_C_LANGUAGE_STANDARD = gnu11;
				GCC_DYNAMIC_NO_PIC = NO;
				GCC_NO_COMMON_BLOCKS = YES;
				GCC_OPTIMIZATION_LEVEL = 0;
				GCC_PREPROCESSOR_DEFINITIONS = (
					"DEBUG=1",
					"$(inherited)",
				);
				GCC_WARN_64_TO_32_BIT_CONVERSION = YES;
				GCC_WARN_ABOUT_RETURN_TYPE = YES_ERROR;
				GCC_WARN_UNDECLARED_SELECTOR = YES;
				GCC_WARN_UNINITIALIZED_AUTOS = YES_AGGRESSIVE;
				GCC_WARN_UNUSED_FUNCTION = YES;
				GCC_WARN_UNUSED_VARIABLE = YES;
				IPHONEOS_DEPLOYMENT_TARGET = 16.4;
				MTL_ENABLE_DEBUG_INFO = INCLUDE_SOURCE;
				MTL_FAST_MATH = YES;
				ONLY_ACTIVE_ARCH = YES;
				SDKROOT = iphoneos;
				SWIFT_ACTIVE_COMPILATION_CONDITIONS = DEBUG;
				SWIFT_OPTIMIZATION_LEVEL = "-Onone";
			};
			name = Debug;
		};
		444E4FC12AF0B34100A21B31 /* Release */ = {
			isa = XCBuildConfiguration;
			buildSettings = {
				ALWAYS_SEARCH_USER_PATHS = NO;
				CLANG_ANALYZER_NONNULL = YES;
				CLANG_ANALYZER_NUMBER_OBJECT_CONVERSION = YES_AGGRESSIVE;
				CLANG_CXX_LANGUAGE_STANDARD = "gnu++20";
				CLANG_ENABLE_MODULES = YES;
				CLANG_ENABLE_OBJC_ARC = YES;
				CLANG_ENABLE_OBJC_WEAK = YES;
				CLANG_WARN_BLOCK_CAPTURE_AUTORELEASING = YES;
				CLANG_WARN_BOOL_CONVERSION = YES;
				CLANG_WARN_COMMA = YES;
				CLANG_WARN_CONSTANT_CONVERSION = YES;
				CLANG_WARN_DEPRECATED_OBJC_IMPLEMENTATIONS = YES;
				CLANG_WARN_DIRECT_OBJC_ISA_USAGE = YES_ERROR;
				CLANG_WARN_DOCUMENTATION_COMMENTS = YES;
				CLANG_WARN_EMPTY_BODY = YES;
				CLANG_WARN_ENUM_CONVERSION = YES;
				CLANG_WARN_INFINITE_RECURSION = YES;
				CLANG_WARN_INT_CONVERSION = YES;
				CLANG_WARN_NON_LITERAL_NULL_CONVERSION = YES;
				CLANG_WARN_OBJC_IMPLICIT_RETAIN_SELF = YES;
				CLANG_WARN_OBJC_LITERAL_CONVERSION = YES;
				CLANG_WARN_OBJC_ROOT_CLASS = YES_ERROR;
				CLANG_WARN_QUOTED_INCLUDE_IN_FRAMEWORK_HEADER = YES;
				CLANG_WARN_RANGE_LOOP_ANALYSIS = YES;
				CLANG_WARN_STRICT_PROTOTYPES = YES;
				CLANG_WARN_SUSPICIOUS_MOVE = YES;
				CLANG_WARN_UNGUARDED_AVAILABILITY = YES_AGGRESSIVE;
				CLANG_WARN_UNREACHABLE_CODE = YES;
				CLANG_WARN__DUPLICATE_METHOD_MATCH = YES;
				COPY_PHASE_STRIP = NO;
				DEBUG_INFORMATION_FORMAT = "dwarf-with-dsym";
				ENABLE_NS_ASSERTIONS = NO;
				ENABLE_STRICT_OBJC_MSGSEND = YES;
				GCC_C_LANGUAGE_STANDARD = gnu11;
				GCC_NO_COMMON_BLOCKS = YES;
				GCC_WARN_64_TO_32_BIT_CONVERSION = YES;
				GCC_WARN_ABOUT_RETURN_TYPE = YES_ERROR;
				GCC_WARN_UNDECLARED_SELECTOR = YES;
				GCC_WARN_UNINITIALIZED_AUTOS = YES_AGGRESSIVE;
				GCC_WARN_UNUSED_FUNCTION = YES;
				GCC_WARN_UNUSED_VARIABLE = YES;
				IPHONEOS_DEPLOYMENT_TARGET = 16.4;
				MTL_ENABLE_DEBUG_INFO = NO;
				MTL_FAST_MATH = YES;
				SDKROOT = iphoneos;
				SWIFT_COMPILATION_MODE = wholemodule;
				SWIFT_OPTIMIZATION_LEVEL = "-O";
				VALIDATE_PRODUCT = YES;
			};
			name = Release;
		};
		444E4FC32AF0B34100A21B31 /* Debug */ = {
			isa = XCBuildConfiguration;
			buildSettings = {
				ASSETCATALOG_COMPILER_APPICON_NAME = AppIcon;
				ASSETCATALOG_COMPILER_GLOBAL_ACCENT_COLOR_NAME = AccentColor;
				CODE_SIGN_STYLE = Automatic;
				CURRENT_PROJECT_VERSION = 1;
				DEVELOPMENT_ASSET_PATHS = "\"DoggyDating/Preview Content\"";
				DEVELOPMENT_TEAM = C7CWG4875X;
				ENABLE_PREVIEWS = YES;
				GENERATE_INFOPLIST_FILE = YES;
				INFOPLIST_KEY_UIApplicationSceneManifest_Generation = YES;
				INFOPLIST_KEY_UIApplicationSupportsIndirectInputEvents = YES;
				INFOPLIST_KEY_UILaunchScreen_Generation = YES;
				INFOPLIST_KEY_UISupportedInterfaceOrientations_iPad = "UIInterfaceOrientationPortrait UIInterfaceOrientationPortraitUpsideDown UIInterfaceOrientationLandscapeLeft UIInterfaceOrientationLandscapeRight";
				INFOPLIST_KEY_UISupportedInterfaceOrientations_iPhone = "UIInterfaceOrientationPortrait UIInterfaceOrientationLandscapeLeft UIInterfaceOrientationLandscapeRight";
				LD_RUNPATH_SEARCH_PATHS = (
					"$(inherited)",
					"@executable_path/Frameworks",
				);
				MARKETING_VERSION = 1.0;
				PRODUCT_BUNDLE_IDENTIFIER = com.Joseph.DoggyDating;
				PRODUCT_NAME = "$(TARGET_NAME)";
				SWIFT_EMIT_LOC_STRINGS = YES;
				SWIFT_VERSION = 5.0;
				TARGETED_DEVICE_FAMILY = "1,2";
			};
			name = Debug;
		};
		444E4FC42AF0B34100A21B31 /* Release */ = {
			isa = XCBuildConfiguration;
			buildSettings = {
				ASSETCATALOG_COMPILER_APPICON_NAME = AppIcon;
				ASSETCATALOG_COMPILER_GLOBAL_ACCENT_COLOR_NAME = AccentColor;
				CODE_SIGN_STYLE = Automatic;
				CURRENT_PROJECT_VERSION = 1;
				DEVELOPMENT_ASSET_PATHS = "\"DoggyDating/Preview Content\"";
				DEVELOPMENT_TEAM = C7CWG4875X;
				ENABLE_PREVIEWS = YES;
				GENERATE_INFOPLIST_FILE = YES;
				INFOPLIST_KEY_UIApplicationSceneManifest_Generation = YES;
				INFOPLIST_KEY_UIApplicationSupportsIndirectInputEvents = YES;
				INFOPLIST_KEY_UILaunchScreen_Generation = YES;
				INFOPLIST_KEY_UISupportedInterfaceOrientations_iPad = "UIInterfaceOrientationPortrait UIInterfaceOrientationPortraitUpsideDown UIInterfaceOrientationLandscapeLeft UIInterfaceOrientationLandscapeRight";
				INFOPLIST_KEY_UISupportedInterfaceOrientations_iPhone = "UIInterfaceOrientationPortrait UIInterfaceOrientationLandscapeLeft UIInterfaceOrientationLandscapeRight";
				LD_RUNPATH_SEARCH_PATHS = (
					"$(inherited)",
					"@executable_path/Frameworks",
				);
				MARKETING_VERSION = 1.0;
				PRODUCT_BUNDLE_IDENTIFIER = com.Joseph.DoggyDating;
				PRODUCT_NAME = "$(TARGET_NAME)";
				SWIFT_EMIT_LOC_STRINGS = YES;
				SWIFT_VERSION = 5.0;
				TARGETED_DEVICE_FAMILY = "1,2";
			};
			name = Release;
		};
		444E4FC62AF0B34100A21B31 /* Debug */ = {
			isa = XCBuildConfiguration;
			buildSettings = {
				ALWAYS_EMBED_SWIFT_STANDARD_LIBRARIES = YES;
				BUNDLE_LOADER = "$(TEST_HOST)";
				CODE_SIGN_STYLE = Automatic;
				CURRENT_PROJECT_VERSION = 1;
				DEVELOPMENT_TEAM = C7CWG4875X;
				GENERATE_INFOPLIST_FILE = YES;
				IPHONEOS_DEPLOYMENT_TARGET = 16.4;
				MARKETING_VERSION = 1.0;
				PRODUCT_BUNDLE_IDENTIFIER = com.Joseph.DoggyDatingTests;
				PRODUCT_NAME = "$(TARGET_NAME)";
				SWIFT_EMIT_LOC_STRINGS = NO;
				SWIFT_VERSION = 5.0;
				TARGETED_DEVICE_FAMILY = "1,2";
				TEST_HOST = "$(BUILT_PRODUCTS_DIR)/DoggyDating.app/$(BUNDLE_EXECUTABLE_FOLDER_PATH)/DoggyDating";
			};
			name = Debug;
		};
		444E4FC72AF0B34100A21B31 /* Release */ = {
			isa = XCBuildConfiguration;
			buildSettings = {
				ALWAYS_EMBED_SWIFT_STANDARD_LIBRARIES = YES;
				BUNDLE_LOADER = "$(TEST_HOST)";
				CODE_SIGN_STYLE = Automatic;
				CURRENT_PROJECT_VERSION = 1;
				DEVELOPMENT_TEAM = C7CWG4875X;
				GENERATE_INFOPLIST_FILE = YES;
				IPHONEOS_DEPLOYMENT_TARGET = 16.4;
				MARKETING_VERSION = 1.0;
				PRODUCT_BUNDLE_IDENTIFIER = com.Joseph.DoggyDatingTests;
				PRODUCT_NAME = "$(TARGET_NAME)";
				SWIFT_EMIT_LOC_STRINGS = NO;
				SWIFT_VERSION = 5.0;
				TARGETED_DEVICE_FAMILY = "1,2";
				TEST_HOST = "$(BUILT_PRODUCTS_DIR)/DoggyDating.app/$(BUNDLE_EXECUTABLE_FOLDER_PATH)/DoggyDating";
			};
			name = Release;
		};
		444E4FC92AF0B34100A21B31 /* Debug */ = {
			isa = XCBuildConfiguration;
			buildSettings = {
				ALWAYS_EMBED_SWIFT_STANDARD_LIBRARIES = YES;
				CODE_SIGN_STYLE = Automatic;
				CURRENT_PROJECT_VERSION = 1;
				DEVELOPMENT_TEAM = C7CWG4875X;
				GENERATE_INFOPLIST_FILE = YES;
				MARKETING_VERSION = 1.0;
				PRODUCT_BUNDLE_IDENTIFIER = com.Joseph.DoggyDatingUITests;
				PRODUCT_NAME = "$(TARGET_NAME)";
				SWIFT_EMIT_LOC_STRINGS = NO;
				SWIFT_VERSION = 5.0;
				TARGETED_DEVICE_FAMILY = "1,2";
				TEST_TARGET_NAME = DoggyDating;
			};
			name = Debug;
		};
		444E4FCA2AF0B34100A21B31 /* Release */ = {
			isa = XCBuildConfiguration;
			buildSettings = {
				ALWAYS_EMBED_SWIFT_STANDARD_LIBRARIES = YES;
				CODE_SIGN_STYLE = Automatic;
				CURRENT_PROJECT_VERSION = 1;
				DEVELOPMENT_TEAM = C7CWG4875X;
				GENERATE_INFOPLIST_FILE = YES;
				MARKETING_VERSION = 1.0;
				PRODUCT_BUNDLE_IDENTIFIER = com.Joseph.DoggyDatingUITests;
				PRODUCT_NAME = "$(TARGET_NAME)";
				SWIFT_EMIT_LOC_STRINGS = NO;
				SWIFT_VERSION = 5.0;
				TARGETED_DEVICE_FAMILY = "1,2";
				TEST_TARGET_NAME = DoggyDating;
			};
			name = Release;
		};
/* End XCBuildConfiguration section */

/* Begin XCConfigurationList section */
		444E4F992AF0B33F00A21B31 /* Build configuration list for PBXProject "DoggyDating" */ = {
			isa = XCConfigurationList;
			buildConfigurations = (
				444E4FC02AF0B34100A21B31 /* Debug */,
				444E4FC12AF0B34100A21B31 /* Release */,
			);
			defaultConfigurationIsVisible = 0;
			defaultConfigurationName = Release;
		};
		444E4FC22AF0B34100A21B31 /* Build configuration list for PBXNativeTarget "DoggyDating" */ = {
			isa = XCConfigurationList;
			buildConfigurations = (
				444E4FC32AF0B34100A21B31 /* Debug */,
				444E4FC42AF0B34100A21B31 /* Release */,
			);
			defaultConfigurationIsVisible = 0;
			defaultConfigurationName = Release;
		};
		444E4FC52AF0B34100A21B31 /* Build configuration list for PBXNativeTarget "DoggyDatingTests" */ = {
			isa = XCConfigurationList;
			buildConfigurations = (
				444E4FC62AF0B34100A21B31 /* Debug */,
				444E4FC72AF0B34100A21B31 /* Release */,
			);
			defaultConfigurationIsVisible = 0;
			defaultConfigurationName = Release;
		};
		444E4FC82AF0B34100A21B31 /* Build configuration list for PBXNativeTarget "DoggyDatingUITests" */ = {
			isa = XCConfigurationList;
			buildConfigurations = (
				444E4FC92AF0B34100A21B31 /* Debug */,
				444E4FCA2AF0B34100A21B31 /* Release */,
			);
			defaultConfigurationIsVisible = 0;
			defaultConfigurationName = Release;
		};
/* End XCConfigurationList section */
	};
	rootObject = 444E4F962AF0B33F00A21B31 /* Project object */;
}
